// !$*UTF8*$!
{
	archiveVersion = 1;
	classes = {
	};
	objectVersion = 50;
	objects = {

/* Begin PBXBuildFile section */
		2E4F9A3B26592E7B00D7BE34 /* AppDelegate.swift in Sources */ = {isa = PBXBuildFile; fileRef = 2E4F9A3A26592E7B00D7BE34 /* AppDelegate.swift */; };
		2E4F9A3D26592E7B00D7BE34 /* SceneDelegate.swift in Sources */ = {isa = PBXBuildFile; fileRef = 2E4F9A3C26592E7B00D7BE34 /* SceneDelegate.swift */; };
		2E4F9A3F26592E7B00D7BE34 /* ViewController.swift in Sources */ = {isa = PBXBuildFile; fileRef = 2E4F9A3E26592E7B00D7BE34 /* ViewController.swift */; };
		2E4F9A4226592E7B00D7BE34 /* Main.storyboard in Resources */ = {isa = PBXBuildFile; fileRef = 2E4F9A4026592E7B00D7BE34 /* Main.storyboard */; };
		2E4F9A4426592E7D00D7BE34 /* Assets.xcassets in Resources */ = {isa = PBXBuildFile; fileRef = 2E4F9A4326592E7D00D7BE34 /* Assets.xcassets */; };
		2E4F9A4726592E7D00D7BE34 /* LaunchScreen.storyboard in Resources */ = {isa = PBXBuildFile; fileRef = 2E4F9A4526592E7D00D7BE34 /* LaunchScreen.storyboard */; };
		2E4F9A5026592ED100D7BE34 /* Car.swift in Sources */ = {isa = PBXBuildFile; fileRef = 2E4F9A4F26592ED100D7BE34 /* Car.swift */; };
		2E4F9A52265934B700D7BE34 /* Calc.swift in Sources */ = {isa = PBXBuildFile; fileRef = 2E4F9A51265934B700D7BE34 /* Calc.swift */; };
/* End PBXBuildFile section */

/* Begin PBXFileReference section */
		2E4F9A3726592E7B00D7BE34 /* CalcApp.app */ = {isa = PBXFileReference; explicitFileType = wrapper.application; includeInIndex = 0; path = CalcApp.app; sourceTree = BUILT_PRODUCTS_DIR; };
		2E4F9A3A26592E7B00D7BE34 /* AppDelegate.swift */ = {isa = PBXFileReference; lastKnownFileType = sourcecode.swift; path = AppDelegate.swift; sourceTree = "<group>"; };
		2E4F9A3C26592E7B00D7BE34 /* SceneDelegate.swift */ = {isa = PBXFileReference; lastKnownFileType = sourcecode.swift; path = SceneDelegate.swift; sourceTree = "<group>"; };
		2E4F9A3E26592E7B00D7BE34 /* ViewController.swift */ = {isa = PBXFileReference; lastKnownFileType = sourcecode.swift; path = ViewController.swift; sourceTree = "<group>"; };
		2E4F9A4126592E7B00D7BE34 /* Base */ = {isa = PBXFileReference; lastKnownFileType = file.storyboard; name = Base; path = Base.lproj/Main.storyboard; sourceTree = "<group>"; };
		2E4F9A4326592E7D00D7BE34 /* Assets.xcassets */ = {isa = PBXFileReference; lastKnownFileType = folder.assetcatalog; path = Assets.xcassets; sourceTree = "<group>"; };
		2E4F9A4626592E7D00D7BE34 /* Base */ = {isa = PBXFileReference; lastKnownFileType = file.storyboard; name = Base; path = Base.lproj/LaunchScreen.storyboard; sourceTree = "<group>"; };
		2E4F9A4826592E7D00D7BE34 /* Info.plist */ = {isa = PBXFileReference; lastKnownFileType = text.plist.xml; path = Info.plist; sourceTree = "<group>"; };
		2E4F9A4F26592ED100D7BE34 /* Car.swift */ = {isa = PBXFileReference; lastKnownFileType = sourcecode.swift; path = Car.swift; sourceTree = "<group>"; };
		2E4F9A51265934B700D7BE34 /* Calc.swift */ = {isa = PBXFileReference; lastKnownFileType = sourcecode.swift; path = Calc.swift; sourceTree = "<group>"; };
/* End PBXFileReference section */

/* Begin PBXFrameworksBuildPhase section */
		2E4F9A3426592E7B00D7BE34 /* Frameworks */ = {
			isa = PBXFrameworksBuildPhase;
			buildActionMask = 2147483647;
			files = (
			);
			runOnlyForDeploymentPostprocessing = 0;
		};
/* End PBXFrameworksBuildPhase section */

/* Begin PBXGroup section */
		2E4F9A2E26592E7B00D7BE34 = {
			isa = PBXGroup;
			children = (
				2E4F9A3926592E7B00D7BE34 /* CalcApp */,
				2E4F9A3826592E7B00D7BE34 /* Products */,
			);
			sourceTree = "<group>";
		};
		2E4F9A3826592E7B00D7BE34 /* Products */ = {
			isa = PBXGroup;
			children = (
				2E4F9A3726592E7B00D7BE34 /* CalcApp.app */,
			);
			name = Products;
			sourceTree = "<group>";
		};
		2E4F9A3926592E7B00D7BE34 /* CalcApp */ = {
			isa = PBXGroup;
			children = (
				2E4F9A4E26592EAE00D7BE34 /* Model */,
				2E4F9A3A26592E7B00D7BE34 /* AppDelegate.swift */,
				2E4F9A3C26592E7B00D7BE34 /* SceneDelegate.swift */,
				2E4F9A3E26592E7B00D7BE34 /* ViewController.swift */,
				2E4F9A4026592E7B00D7BE34 /* Main.storyboard */,
				2E4F9A4326592E7D00D7BE34 /* Assets.xcassets */,
				2E4F9A4526592E7D00D7BE34 /* LaunchScreen.storyboard */,
				2E4F9A4826592E7D00D7BE34 /* Info.plist */,
			);
			path = CalcApp;
			sourceTree = "<group>";
		};
		2E4F9A4E26592EAE00D7BE34 /* Model */ = {
			isa = PBXGroup;
			children = (
				2E4F9A4F26592ED100D7BE34 /* Car.swift */,
				2E4F9A51265934B700D7BE34 /* Calc.swift */,
			);
			path = Model;
			sourceTree = "<group>";
		};
/* End PBXGroup section */

/* Begin PBXNativeTarget section */
		2E4F9A3626592E7B00D7BE34 /* CalcApp */ = {
			isa = PBXNativeTarget;
			buildConfigurationList = 2E4F9A4B26592E7D00D7BE34 /* Build configuration list for PBXNativeTarget "CalcApp" */;
			buildPhases = (
				2E4F9A3326592E7B00D7BE34 /* Sources */,
				2E4F9A3426592E7B00D7BE34 /* Frameworks */,
				2E4F9A3526592E7B00D7BE34 /* Resources */,
			);
			buildRules = (
			);
			dependencies = (
			);
			name = CalcApp;
			productName = CalcApp;
			productReference = 2E4F9A3726592E7B00D7BE34 /* CalcApp.app */;
			productType = "com.apple.product-type.application";
		};
/* End PBXNativeTarget section */

/* Begin PBXProject section */
		2E4F9A2F26592E7B00D7BE34 /* Project object */ = {
			isa = PBXProject;
			attributes = {
				LastSwiftUpdateCheck = 1250;
				LastUpgradeCheck = 1250;
				TargetAttributes = {
					2E4F9A3626592E7B00D7BE34 = {
						CreatedOnToolsVersion = 12.5;
					};
				};
			};
			buildConfigurationList = 2E4F9A3226592E7B00D7BE34 /* Build configuration list for PBXProject "CalcApp" */;
			compatibilityVersion = "Xcode 9.3";
			developmentRegion = en;
			hasScannedForEncodings = 0;
			knownRegions = (
				en,
				Base,
			);
			mainGroup = 2E4F9A2E26592E7B00D7BE34;
			productRefGroup = 2E4F9A3826592E7B00D7BE34 /* Products */;
			projectDirPath = "";
			projectRoot = "";
			targets = (
				2E4F9A3626592E7B00D7BE34 /* CalcApp */,
			);
		};
/* End PBXProject section */

/* Begin PBXResourcesBuildPhase section */
		2E4F9A3526592E7B00D7BE34 /* Resources */ = {
			isa = PBXResourcesBuildPhase;
			buildActionMask = 2147483647;
			files = (
				2E4F9A4726592E7D00D7BE34 /* LaunchScreen.storyboard in Resources */,
				2E4F9A4426592E7D00D7BE34 /* Assets.xcassets in Resources */,
				2E4F9A4226592E7B00D7BE34 /* Main.storyboard in Resources */,
			);
			runOnlyForDeploymentPostprocessing = 0;
		};
/* End PBXResourcesBuildPhase section */

/* Begin PBXSourcesBuildPhase section */
		2E4F9A3326592E7B00D7BE34 /* Sources */ = {
			isa = PBXSourcesBuildPhase;
			buildActionMask = 2147483647;
			files = (
				2E4F9A3F26592E7B00D7BE34 /* ViewController.swift in Sources */,
				2E4F9A3B26592E7B00D7BE34 /* AppDelegate.swift in Sources */,
				2E4F9A52265934B700D7BE34 /* Calc.swift in Sources */,
				2E4F9A5026592ED100D7BE34 /* Car.swift in Sources */,
				2E4F9A3D26592E7B00D7BE34 /* SceneDelegate.swift in Sources */,
			);
			runOnlyForDeploymentPostprocessing = 0;
		};
/* End PBXSourcesBuildPhase section */

/* Begin PBXVariantGroup section */
		2E4F9A4026592E7B00D7BE34 /* Main.storyboard */ = {
			isa = PBXVariantGroup;
			children = (
				2E4F9A4126592E7B00D7BE34 /* Base */,
			);
			name = Main.storyboard;
			sourceTree = "<group>";
		};
		2E4F9A4526592E7D00D7BE34 /* LaunchScreen.storyboard */ = {
			isa = PBXVariantGroup;
			children = (
				2E4F9A4626592E7D00D7BE34 /* Base */,
			);
			name = LaunchScreen.storyboard;
			sourceTree = "<group>";
		};
/* End PBXVariantGroup section */

/* Begin XCBuildConfiguration section */
		2E4F9A4926592E7D00D7BE34 /* Debug */ = {
			isa = XCBuildConfiguration;
			buildSettings = {
				ALWAYS_SEARCH_USER_PATHS = NO;
				CLANG_ANALYZER_NONNULL = YES;
				CLANG_ANALYZER_NUMBER_OBJECT_CONVERSION = YES_AGGRESSIVE;
				CLANG_CXX_LANGUAGE_STANDARD = "gnu++14";
				CLANG_CXX_LIBRARY = "libc++";
				CLANG_ENABLE_MODULES = YES;
				CLANG_ENABLE_OBJC_ARC = YES;
				CLANG_ENABLE_OBJC_WEAK = YES;
				CLANG_WARN_BLOCK_CAPTURE_AUTORELEASING = YES;
				CLANG_WARN_BOOL_CONVERSION = YES;
				CLANG_WARN_COMMA = YES;
				CLANG_WARN_CONSTANT_CONVERSION = YES;
				CLANG_WARN_DEPRECATED_OBJC_IMPLEMENTATIONS = YES;
				CLANG_WARN_DIRECT_OBJC_ISA_USAGE = YES_ERROR;
				CLANG_WARN_DOCUMENTATION_COMMENTS = YES;
				CLANG_WARN_EMPTY_BODY = YES;
				CLANG_WARN_ENUM_CONVERSION = YES;
				CLANG_WARN_INFINITE_RECURSION = YES;
				CLANG_WARN_INT_CONVERSION = YES;
				CLANG_WARN_NON_LITERAL_NULL_CONVERSION = YES;
				CLANG_WARN_OBJC_IMPLICIT_RETAIN_SELF = YES;
				CLANG_WARN_OBJC_LITERAL_CONVERSION = YES;
				CLANG_WARN_OBJC_ROOT_CLASS = YES_ERROR;
				CLANG_WARN_QUOTED_INCLUDE_IN_FRAMEWORK_HEADER = YES;
				CLANG_WARN_RANGE_LOOP_ANALYSIS = YES;
				CLANG_WARN_STRICT_PROTOTYPES = YES;
				CLANG_WARN_SUSPICIOUS_MOVE = YES;
				CLANG_WARN_UNGUARDED_AVAILABILITY = YES_AGGRESSIVE;
				CLANG_WARN_UNREACHABLE_CODE = YES;
				CLANG_WARN__DUPLICATE_METHOD_MATCH = YES;
				COPY_PHASE_STRIP = NO;
				DEBUG_INFORMATION_FORMAT = dwarf;
				ENABLE_STRICT_OBJC_MSGSEND = YES;
				ENABLE_TESTABILITY = YES;
				GCC_C_LANGUAGE_STANDARD = gnu11;
				GCC_DYNAMIC_NO_PIC = NO;
				GCC_NO_COMMON_BLOCKS = YES;
				GCC_OPTIMIZATION_LEVEL = 0;
				GCC_PREPROCESSOR_DEFINITIONS = (
					"DEBUG=1",
					"$(inherited)",
				);
				GCC_WARN_64_TO_32_BIT_CONVERSION = YES;
				GCC_WARN_ABOUT_RETURN_TYPE = YES_ERROR;
				GCC_WARN_UNDECLARED_SELECTOR = YES;
				GCC_WARN_UNINITIALIZED_AUTOS = YES_AGGRESSIVE;
				GCC_WARN_UNUSED_FUNCTION = YES;
				GCC_WARN_UNUSED_VARIABLE = YES;
				IPHONEOS_DEPLOYMENT_TARGET = 14.5;
				MTL_ENABLE_DEBUG_INFO = INCLUDE_SOURCE;
				MTL_FAST_MATH = YES;
				ONLY_ACTIVE_ARCH = YES;
				SDKROOT = iphoneos;
				SWIFT_ACTIVE_COMPILATION_CONDITIONS = DEBUG;
				SWIFT_OPTIMIZATION_LEVEL = "-Onone";
			};
			name = Debug;
		};
		2E4F9A4A26592E7D00D7BE34 /* Release */ = {
			isa = XCBuildConfiguration;
			buildSettings = {
				ALWAYS_SEARCH_USER_PATHS = NO;
				CLANG_ANALYZER_NONNULL = YES;
				CLANG_ANALYZER_NUMBER_OBJECT_CONVERSION = YES_AGGRESSIVE;
				CLANG_CXX_LANGUAGE_STANDARD = "gnu++14";
				CLANG_CXX_LIBRARY = "libc++";
				CLANG_ENABLE_MODULES = YES;
				CLANG_ENABLE_OBJC_ARC = YES;
				CLANG_ENABLE_OBJC_WEAK = YES;
				CLANG_WARN_BLOCK_CAPTURE_AUTORELEASING = YES;
				CLANG_WARN_BOOL_CONVERSION = YES;
				CLANG_WARN_COMMA = YES;
				CLANG_WARN_CONSTANT_CONVERSION = YES;
				CLANG_WARN_DEPRECATED_OBJC_IMPLEMENTATIONS = YES;
				CLANG_WARN_DIRECT_OBJC_ISA_USAGE = YES_ERROR;
				CLANG_WARN_DOCUMENTATION_COMMENTS = YES;
				CLANG_WARN_EMPTY_BODY = YES;
				CLANG_WARN_ENUM_CONVERSION = YES;
				CLANG_WARN_INFINITE_RECURSION = YES;
				CLANG_WARN_INT_CONVERSION = YES;
				CLANG_WARN_NON_LITERAL_NULL_CONVERSION = YES;
				CLANG_WARN_OBJC_IMPLICIT_RETAIN_SELF = YES;
				CLANG_WARN_OBJC_LITERAL_CONVERSION = YES;
				CLANG_WARN_OBJC_ROOT_CLASS = YES_ERROR;
				CLANG_WARN_QUOTED_INCLUDE_IN_FRAMEWORK_HEADER = YES;
				CLANG_WARN_RANGE_LOOP_ANALYSIS = YES;
				CLANG_WARN_STRICT_PROTOTYPES = YES;
				CLANG_WARN_SUSPICIOUS_MOVE = YES;
				CLANG_WARN_UNGUARDED_AVAILABILITY = YES_AGGRESSIVE;
				CLANG_WARN_UNREACHABLE_CODE = YES;
				CLANG_WARN__DUPLICATE_METHOD_MATCH = YES;
				COPY_PHASE_STRIP = NO;
				DEBUG_INFORMATION_FORMAT = "dwarf-with-dsym";
				ENABLE_NS_ASSERTIONS = NO;
				ENABLE_STRICT_OBJC_MSGSEND = YES;
				GCC_C_LANGUAGE_STANDARD = gnu11;
				GCC_NO_COMMON_BLOCKS = YES;
				GCC_WARN_64_TO_32_BIT_CONVERSION = YES;
				GCC_WARN_ABOUT_RETURN_TYPE = YES_ERROR;
				GCC_WARN_UNDECLARED_SELECTOR = YES;
				GCC_WARN_UNINITIALIZED_AUTOS = YES_AGGRESSIVE;
				GCC_WARN_UNUSED_FUNCTION = YES;
				GCC_WARN_UNUSED_VARIABLE = YES;
				IPHONEOS_DEPLOYMENT_TARGET = 14.5;
				MTL_ENABLE_DEBUG_INFO = NO;
				MTL_FAST_MATH = YES;
				SDKROOT = iphoneos;
				SWIFT_COMPILATION_MODE = wholemodule;
				SWIFT_OPTIMIZATION_LEVEL = "-O";
				VALIDATE_PRODUCT = YES;
			};
			name = Release;
		};
		2E4F9A4C26592E7D00D7BE34 /* Debug */ = {
			isa = XCBuildConfiguration;
			buildSettings = {
				ASSETCATALOG_COMPILER_APPICON_NAME = AppIcon;
				ASSETCATALOG_COMPILER_GLOBAL_ACCENT_COLOR_NAME = AccentColor;
				CODE_SIGN_STYLE = Automatic;
				DEVELOPMENT_TEAM = B6986ADXUT;
				INFOPLIST_FILE = CalcApp/Info.plist;
				LD_RUNPATH_SEARCH_PATHS = (
					"$(inherited)",
					"@executable_path/Frameworks",
				);
				PRODUCT_BUNDLE_IDENTIFIER = com.OkazakiRui.CalcApp;
				PRODUCT_NAME = "$(TARGET_NAME)";
				SWIFT_VERSION = 5.0;
				TARGETED_DEVICE_FAMILY = 1;
			};
			name = Debug;
		};
		2E4F9A4D26592E7D00D7BE34 /* Release */ = {
			isa = XCBuildConfiguration;
			buildSettings = {
				ASSETCATALOG_COMPILER_APPICON_NAME = AppIcon;
				ASSETCATALOG_COMPILER_GLOBAL_ACCENT_COLOR_NAME = AccentColor;
				CODE_SIGN_STYLE = Automatic;
				DEVELOPMENT_TEAM = B6986ADXUT;
				INFOPLIST_FILE = CalcApp/Info.plist;
				LD_RUNPATH_SEARCH_PATHS = (
					"$(inherited)",
					"@executable_path/Frameworks",
				);
				PRODUCT_BUNDLE_IDENTIFIER = com.OkazakiRui.CalcApp;
				PRODUCT_NAME = "$(TARGET_NAME)";
				SWIFT_VERSION = 5.0;
				TARGETED_DEVICE_FAMILY = 1;
			};
			name = Release;
		};
/* End XCBuildConfiguration section */

/* Begin XCConfigurationList section */
		2E4F9A3226592E7B00D7BE34 /* Build configuration list for PBXProject "CalcApp" */ = {
			isa = XCConfigurationList;
			buildConfigurations = (
				2E4F9A4926592E7D00D7BE34 /* Debug */,
				2E4F9A4A26592E7D00D7BE34 /* Release */,
			);
			defaultConfigurationIsVisible = 0;
			defaultConfigurationName = Release;
		};
		2E4F9A4B26592E7D00D7BE34 /* Build configuration list for PBXNativeTarget "CalcApp" */ = {
			isa = XCConfigurationList;
			buildConfigurations = (
				2E4F9A4C26592E7D00D7BE34 /* Debug */,
				2E4F9A4D26592E7D00D7BE34 /* Release */,
			);
			defaultConfigurationIsVisible = 0;
			defaultConfigurationName = Release;
		};
/* End XCConfigurationList section */
	};
	rootObject = 2E4F9A2F26592E7B00D7BE34 /* Project object */;
}
